
Microsoft Visual Studio Solution File, Format Version 12.00
# Visual Studio 2013
VisualStudioVersion = 12.0.31101.0
MinimumVisualStudioVersion = 10.0.40219.1
Project("{8BC9CEB8-8B4A-11D0-8D11-00A0C91BC942}") = "gl", "gl\gl.vcxproj", "{394D8215-F1D9-4C7D-97EB-28047651A272}"
EndProject
Project("{2150E333-8FDC-42A3-9474-1A3956D46DE8}") = "Solution Items", "Solution Items", "{DBD2EE89-2A66-4F1C-81FD-1535CACC3A7E}"
	ProjectSection(SolutionItems) = preProject
		Performance1.psess = Performance1.psess
	EndProjectSection
EndProject
Global
	GlobalSection(SolutionConfigurationPlatforms) = preSolution
		Debug|Win32 = Debug|Win32
		Release|Win32 = Release|Win32
	EndGlobalSection
	GlobalSection(ProjectConfigurationPlatforms) = postSolution
		{394D8215-F1D9-4C7D-97EB-28047651A272}.Debug|Win32.ActiveCfg = Debug|Win32
		{394D8215-F1D9-4C7D-97EB-28047651A272}.Debug|Win32.Build.0 = Debug|Win32
		{394D8215-F1D9-4C7D-97EB-28047651A272}.Release|Win32.ActiveCfg = Release|Win32
		{394D8215-F1D9-4C7D-97EB-28047651A272}.Release|Win32.Build.0 = Release|Win32
	EndGlobalSection
	GlobalSection(SolutionProperties) = preSolution
		HideSolutionNode = FALSE
	EndGlobalSection
	GlobalSection(Performance) = preSolution
		HasPerformanceSessions = true
	EndGlobalSection
EndGlobal
